
Microsoft Visual Studio Solution File, Format Version 12.00
# Visual Studio Version 17
VisualStudioVersion = 17.14.36203.30
MinimumVisualStudioVersion = 10.0.40219.1
Project("{FAE04EC0-301F-11D3-BF4B-00C04F79EFBC}") = "CommonLib", "CommonLib\CommonLib.csproj", "{DE87A770-FA62-46E9-B9E8-112F725E99E8}"
EndProject
Project("{FAE04EC0-301F-11D3-BF4B-00C04F79EFBC}") = "EFCoreWinApp", "EFCoreWinApp\EFCoreWinApp.csproj", "{9BA08B28-9FD5-39A8-76AD-78E56C2B0981}"
EndProject
Project("{FAE04EC0-301F-11D3-BF4B-00C04F79EFBC}") = "WebApiApp", "WebApiApp\WebApiApp.csproj", "{87130DE9-9CD9-4607-BA57-4F585DAE5BBB}"
EndProject
Project("{FAE04EC0-301F-11D3-BF4B-00C04F79EFBC}") = "WebApiApp.Library", "WebApiApp.Library\WebApiApp.Library.csproj", "{1173B2A0-4FE3-4850-9EC9-A85B0AC2E5A8}"
EndProject
Project("{FAE04EC0-301F-11D3-BF4B-00C04F79EFBC}") = "MvcApp", "MvcApp\MvcApp.csproj", "{5E92A658-B105-4757-81E3-4320473A8063}"
	ProjectSection(ProjectDependencies) = postProject
		{D2A6A49E-E4AC-6384-1269-7BB61B3B6346} = {D2A6A49E-E4AC-6384-1269-7BB61B3B6346}
	EndProjectSection
EndProject
Project("{FAE04EC0-301F-11D3-BF4B-00C04F79EFBC}") = "MvcApp.Library", "MvcApp.Library\MvcApp.Library.csproj", "{D5C3F88B-0459-4CDB-A538-3262F86DDAAC}"
EndProject
Project("{FAE04EC0-301F-11D3-BF4B-00C04F79EFBC}") = "Plugin.Test", "Plugin.Test\Plugin.Test.csproj", "{D2A6A49E-E4AC-6384-1269-7BB61B3B6346}"
EndProject
Project("{2150E333-8FDC-42A3-9474-1A3956D46DE8}") = "Docs", "Docs", "{02EA681E-C7D8-13C7-8484-4AC65E1B71E8}"
	ProjectSection(SolutionItems) = preProject
		Docs\Index.md = Docs\Index.md
		README.md = README.md
	EndProjectSection
EndProject
Global
	GlobalSection(SolutionConfigurationPlatforms) = preSolution
		Debug|Any CPU = Debug|Any CPU
		Release|Any CPU = Release|Any CPU
	EndGlobalSection
	GlobalSection(ProjectConfigurationPlatforms) = postSolution
		{DE87A770-FA62-46E9-B9E8-112F725E99E8}.Debug|Any CPU.ActiveCfg = Debug|Any CPU
		{DE87A770-FA62-46E9-B9E8-112F725E99E8}.Debug|Any CPU.Build.0 = Debug|Any CPU
		{DE87A770-FA62-46E9-B9E8-112F725E99E8}.Release|Any CPU.ActiveCfg = Release|Any CPU
		{DE87A770-FA62-46E9-B9E8-112F725E99E8}.Release|Any CPU.Build.0 = Release|Any CPU
		{9BA08B28-9FD5-39A8-76AD-78E56C2B0981}.Debug|Any CPU.ActiveCfg = Debug|Any CPU
		{9BA08B28-9FD5-39A8-76AD-78E56C2B0981}.Debug|Any CPU.Build.0 = Debug|Any CPU
		{9BA08B28-9FD5-39A8-76AD-78E56C2B0981}.Release|Any CPU.ActiveCfg = Release|Any CPU
		{9BA08B28-9FD5-39A8-76AD-78E56C2B0981}.Release|Any CPU.Build.0 = Release|Any CPU
		{87130DE9-9CD9-4607-BA57-4F585DAE5BBB}.Debug|Any CPU.ActiveCfg = Debug|Any CPU
		{87130DE9-9CD9-4607-BA57-4F585DAE5BBB}.Debug|Any CPU.Build.0 = Debug|Any CPU
		{87130DE9-9CD9-4607-BA57-4F585DAE5BBB}.Release|Any CPU.ActiveCfg = Release|Any CPU
		{87130DE9-9CD9-4607-BA57-4F585DAE5BBB}.Release|Any CPU.Build.0 = Release|Any CPU
		{1173B2A0-4FE3-4850-9EC9-A85B0AC2E5A8}.Debug|Any CPU.ActiveCfg = Debug|Any CPU
		{1173B2A0-4FE3-4850-9EC9-A85B0AC2E5A8}.Debug|Any CPU.Build.0 = Debug|Any CPU
		{1173B2A0-4FE3-4850-9EC9-A85B0AC2E5A8}.Release|Any CPU.ActiveCfg = Release|Any CPU
		{1173B2A0-4FE3-4850-9EC9-A85B0AC2E5A8}.Release|Any CPU.Build.0 = Release|Any CPU
		{5E92A658-B105-4757-81E3-4320473A8063}.Debug|Any CPU.ActiveCfg = Debug|Any CPU
		{5E92A658-B105-4757-81E3-4320473A8063}.Debug|Any CPU.Build.0 = Debug|Any CPU
		{5E92A658-B105-4757-81E3-4320473A8063}.Release|Any CPU.ActiveCfg = Release|Any CPU
		{5E92A658-B105-4757-81E3-4320473A8063}.Release|Any CPU.Build.0 = Release|Any CPU
		{D5C3F88B-0459-4CDB-A538-3262F86DDAAC}.Debug|Any CPU.ActiveCfg = Debug|Any CPU
		{D5C3F88B-0459-4CDB-A538-3262F86DDAAC}.Debug|Any CPU.Build.0 = Debug|Any CPU
		{D5C3F88B-0459-4CDB-A538-3262F86DDAAC}.Release|Any CPU.ActiveCfg = Release|Any CPU
		{D5C3F88B-0459-4CDB-A538-3262F86DDAAC}.Release|Any CPU.Build.0 = Release|Any CPU
		{D2A6A49E-E4AC-6384-1269-7BB61B3B6346}.Debug|Any CPU.ActiveCfg = Debug|Any CPU
		{D2A6A49E-E4AC-6384-1269-7BB61B3B6346}.Debug|Any CPU.Build.0 = Debug|Any CPU
		{D2A6A49E-E4AC-6384-1269-7BB61B3B6346}.Release|Any CPU.ActiveCfg = Release|Any CPU
		{D2A6A49E-E4AC-6384-1269-7BB61B3B6346}.Release|Any CPU.Build.0 = Release|Any CPU
	EndGlobalSection
	GlobalSection(SolutionProperties) = preSolution
		HideSolutionNode = FALSE
	EndGlobalSection
	GlobalSection(ExtensibilityGlobals) = postSolution
		SolutionGuid = {54BC9FF1-E4CB-4A3A-95EB-4272988BF993}
	EndGlobalSection
EndGlobal
